<?xml version="1.0" encoding="utf-8"?>
<Project ToolsVersion="4.0" xmlns="http://schemas.microsoft.com/developer/msbuild/2003">
  <ItemGroup>
    <ClCompile Include="dllmain.cpp" />
    <ClCompile Include="NFDefine.pb.cc" />
    <ClCompile Include="NFMsgBase.pb.cc" />
    <ClCompile Include="NFMsgPreGame.pb.cc" />
    <ClCompile Include="NFMsgShare.pb.cc" />
    <ClCompile Include="DayouSpace\actionInterrupt.pb.cc" />
    <ClCompile Include="DayouSpace\actionStatusSyn.pb.cc" />
    <ClCompile Include="DayouSpace\active.pb.cc" />
    <ClCompile Include="DayouSpace\activity.pb.cc" />
    <ClCompile Include="DayouSpace\activityEvent.pb.cc" />
    <ClCompile Include="DayouSpace\agora.pb.cc" />
    <ClCompile Include="DayouSpace\auth.pb.cc" />
    <ClCompile Include="DayouSpace\avatar.pb.cc" />
    <ClCompile Include="DayouSpace\award.pb.cc" />
    <ClCompile Include="DayouSpace\backPack.pb.cc" />
    <ClCompile Include="DayouSpace\box.pb.cc" />
    <ClCompile Include="DayouSpace\buff.pb.cc" />
    <ClCompile Include="DayouSpace\bulletScreen.pb.cc" />
    <ClCompile Include="DayouSpace\businessCard.pb.cc" />
    <ClCompile Include="DayouSpace\businessObject.pb.cc" />
    <ClCompile Include="DayouSpace\buyGoods.pb.cc" />
    <ClCompile Include="DayouSpace\cardVisitorList.pb.cc" />
    <ClCompile Include="DayouSpace\changeAvatarColor.pb.cc" />
    <ClCompile Include="DayouSpace\chat.pb.cc" />
    <ClCompile Include="DayouSpace\chipConfig.pb.cc" />
    <ClCompile Include="DayouSpace\chipMerge.pb.cc" />
    <ClCompile Include="DayouSpace\cloudRender.pb.cc" />
    <ClCompile Include="DayouSpace\commNotice.pb.cc" />
    <ClCompile Include="DayouSpace\concertCtrl.pb.cc" />
    <ClCompile Include="DayouSpace\concertEnter.pb.cc" />
    <ClCompile Include="DayouSpace\concertRank.pb.cc" />
    <ClCompile Include="DayouSpace\config.pb.cc" />
    <ClCompile Include="DayouSpace\constel.pb.cc" />
    <ClCompile Include="DayouSpace\copySpace.pb.cc" />
    <ClCompile Include="DayouSpace\countdown.pb.cc" />
    <ClCompile Include="DayouSpace\delSpace.pb.cc" />
    <ClCompile Include="DayouSpace\dimSearch.pb.cc" />
    <ClCompile Include="DayouSpace\EnumCmd.pb.cc" />
    <ClCompile Include="DayouSpace\errCode.pb.cc" />
    <ClCompile Include="DayouSpace\errMsg.pb.cc" />
    <ClCompile Include="DayouSpace\error.pb.cc" />
    <ClCompile Include="DayouSpace\fansNew.pb.cc" />
    <ClCompile Include="DayouSpace\fireMagic.pb.cc" />
    <ClCompile Include="DayouSpace\follow.pb.cc" />
    <ClCompile Include="DayouSpace\freeGoods.pb.cc" />
    <ClCompile Include="DayouSpace\gameOfBoating.pb.cc" />
    <ClCompile Include="DayouSpace\gameStudio.pb.cc" />
    <ClCompile Include="DayouSpace\gameTick.pb.cc" />
    <ClCompile Include="DayouSpace\goodsBackpack.pb.cc" />
    <ClCompile Include="DayouSpace\gpt.pb.cc" />
    <ClCompile Include="DayouSpace\head.pb.cc" />
    <ClCompile Include="DayouSpace\heartBeat.pb.cc" />
    <ClCompile Include="DayouSpace\hiphopCeremony.pb.cc" />
    <ClCompile Include="DayouSpace\hiphopWarmUp.pb.cc" />
    <ClCompile Include="DayouSpace\homepage.pb.cc" />
    <ClCompile Include="DayouSpace\horoscope.pb.cc" />
    <ClCompile Include="DayouSpace\house.pb.cc" />
    <ClCompile Include="DayouSpace\jinrongForum.pb.cc" />
    <ClCompile Include="DayouSpace\jinyan.pb.cc" />
    <ClCompile Include="DayouSpace\layPosition.pb.cc" />
    <ClCompile Include="DayouSpace\linedNum.pb.cc" />
    <ClCompile Include="DayouSpace\liuXiaTask.pb.cc" />
    <ClCompile Include="DayouSpace\matchInfo.pb.cc" />
    <ClCompile Include="DayouSpace\messagePush.pb.cc" />
    <ClCompile Include="DayouSpace\mjCard.pb.cc" />
    <ClCompile Include="DayouSpace\mjDance.pb.cc" />
    <ClCompile Include="DayouSpace\mjWarmup.pb.cc" />
    <ClCompile Include="DayouSpace\moyuan.pb.cc" />
    <ClCompile Include="DayouSpace\nft.pb.cc" />
    <ClCompile Include="DayouSpace\notice.pb.cc" />
    <ClCompile Include="DayouSpace\npcCustom.pb.cc" />
    <ClCompile Include="DayouSpace\onlineReminder.pb.cc" />
    <ClCompile Include="DayouSpace\operation.pb.cc" />
    <ClCompile Include="DayouSpace\OtherUserStatusChange.pb.cc" />
    <ClCompile Include="DayouSpace\OwnerSpace.pb.cc" />
    <ClCompile Include="DayouSpace\pairs.pb.cc" />
    <ClCompile Include="DayouSpace\phoneMsg.pb.cc" />
    <ClCompile Include="DayouSpace\position.pb.cc" />
    <ClCompile Include="DayouSpace\prepaidEnum.pb.cc" />
    <ClCompile Include="DayouSpace\props.pb.cc" />
    <ClCompile Include="DayouSpace\qianduoduo.pb.cc" />
    <ClCompile Include="DayouSpace\radiusTransformation.pb.cc" />
    <ClCompile Include="DayouSpace\randomRay.pb.cc" />
    <ClCompile Include="DayouSpace\rewardForLottery.pb.cc" />
    <ClCompile Include="DayouSpace\rewardForTask.pb.cc" />
    <ClCompile Include="DayouSpace\roomUsersPosition.pb.cc" />
    <ClCompile Include="DayouSpace\samsungStatistics.pb.cc" />
    <ClCompile Include="DayouSpace\scramble.pb.cc" />
    <ClCompile Include="DayouSpace\search.pb.cc" />
    <ClCompile Include="DayouSpace\setSpace.pb.cc" />
    <ClCompile Include="DayouSpace\shareEvent.pb.cc" />
    <ClCompile Include="DayouSpace\shareSpace.pb.cc" />
    <ClCompile Include="DayouSpace\shopping.pb.cc" />
    <ClCompile Include="DayouSpace\shoppingGiftConsume.pb.cc" />
    <ClCompile Include="DayouSpace\shoppingWallet.pb.cc" />
    <ClCompile Include="DayouSpace\sightseeingStand.pb.cc" />
    <ClCompile Include="DayouSpace\skeleton.pb.cc" />
    <ClCompile Include="DayouSpace\skillSyn.pb.cc" />
    <ClCompile Include="DayouSpace\spaceBackpack.pb.cc" />
    <ClCompile Include="DayouSpace\spaceDraft.pb.cc" />
    <ClCompile Include="DayouSpace\spaceGame.pb.cc" />
    <ClCompile Include="DayouSpace\spaceHot.pb.cc" />
    <ClCompile Include="DayouSpace\spaceLog.pb.cc" />
    <ClCompile Include="DayouSpace\spacePublished.pb.cc" />
    <ClCompile Include="DayouSpace\spaceRandom.pb.cc" />
    <ClCompile Include="DayouSpace\spaceResource.pb.cc" />
    <ClCompile Include="DayouSpace\spaceScenesBackpack.pb.cc" />
    <ClCompile Include="DayouSpace\spaceThing.pb.cc" />
    <ClCompile Include="DayouSpace\spaceWorks.pb.cc" />
    <ClCompile Include="DayouSpace\switchCommand.pb.cc" />
    <ClCompile Include="DayouSpace\switchRoom.pb.cc" />
    <ClCompile Include="DayouSpace\syncAllObj.pb.cc" />
    <ClCompile Include="DayouSpace\systemNotice.pb.cc" />
    <ClCompile Include="DayouSpace\team.pb.cc" />
    <ClCompile Include="DayouSpace\theatre.pb.cc" />
    <ClCompile Include="DayouSpace\transfiguration.pb.cc" />
    <ClCompile Include="DayouSpace\treasureBox.pb.cc" />
    <ClCompile Include="DayouSpace\troveGame.pb.cc" />
    <ClCompile Include="DayouSpace\userBindWechat.pb.cc" />
    <ClCompile Include="DayouSpace\userCertification.pb.cc" />
    <ClCompile Include="DayouSpace\userInfo.pb.cc" />
    <ClCompile Include="DayouSpace\userInfoList.pb.cc" />
    <ClCompile Include="DayouSpace\userPosition.pb.cc" />
    <ClCompile Include="DayouSpace\usersDesire.pb.cc" />
    <ClCompile Include="DayouSpace\userStatus.pb.cc" />
    <ClCompile Include="DayouSpace\userTitle.pb.cc" />
    <ClCompile Include="DayouSpace\vector.pb.cc" />
    <ClCompile Include="DayouSpace\vehicle.pb.cc" />
    <ClCompile Include="DayouSpace\violationFeedback.pb.cc" />
    <ClCompile Include="DayouSpace\xiangshan.pb.cc" />
    <ClCompile Include="DayouSpace\actionFollow.pb.cc" />
    <ClCompile Include="DayouSpace\actionInterrupt.pb.cc" />
    <ClCompile Include="DayouSpace\actionStatusSyn.pb.cc" />
    <ClCompile Include="DayouSpace\active.pb.cc" />
    <ClCompile Include="DayouSpace\activity.pb.cc" />
    <ClCompile Include="DayouSpace\activityEvent.pb.cc" />
    <ClCompile Include="DayouSpace\agora.pb.cc" />
    <ClCompile Include="DayouSpace\auth.pb.cc" />
    <ClCompile Include="DayouSpace\avatar.pb.cc" />
    <ClCompile Include="DayouSpace\award.pb.cc" />
    <ClCompile Include="DayouSpace\backPack.pb.cc" />
    <ClCompile Include="DayouSpace\box.pb.cc" />
    <ClCompile Include="DayouSpace\buff.pb.cc" />
    <ClCompile Include="DayouSpace\bulletScreen.pb.cc" />
    <ClCompile Include="DayouSpace\businessCard.pb.cc" />
    <ClCompile Include="DayouSpace\businessObject.pb.cc" />
    <ClCompile Include="DayouSpace\buyGoods.pb.cc" />
    <ClCompile Include="DayouSpace\cardVisitorList.pb.cc" />
    <ClCompile Include="DayouSpace\changeAvatarColor.pb.cc" />
    <ClCompile Include="DayouSpace\chat.pb.cc" />
    <ClCompile Include="DayouSpace\chipConfig.pb.cc" />
    <ClCompile Include="DayouSpace\chipMerge.pb.cc" />
    <ClCompile Include="DayouSpace\cloudRender.pb.cc" />
    <ClCompile Include="DayouSpace\commNotice.pb.cc" />
    <ClCompile Include="DayouSpace\concertCtrl.pb.cc" />
    <ClCompile Include="DayouSpace\concertEnter.pb.cc" />
    <ClCompile Include="DayouSpace\concertRank.pb.cc" />
    <ClCompile Include="DayouSpace\config.pb.cc" />
    <ClCompile Include="DayouSpace\constel.pb.cc" />
    <ClCompile Include="DayouSpace\copySpace.pb.cc" />
    <ClCompile Include="DayouSpace\countdown.pb.cc" />
    <ClCompile Include="DayouSpace\delSpace.pb.cc" />
    <ClCompile Include="DayouSpace\dimSearch.pb.cc" />
    <ClCompile Include="DayouSpace\EnumCmd.pb.cc" />
    <ClCompile Include="DayouSpace\errCode.pb.cc" />
    <ClCompile Include="DayouSpace\errMsg.pb.cc" />
    <ClCompile Include="DayouSpace\error.pb.cc" />
    <ClCompile Include="DayouSpace\fansNew.pb.cc" />
    <ClCompile Include="DayouSpace\fireMagic.pb.cc" />
    <ClCompile Include="DayouSpace\follow.pb.cc" />
    <ClCompile Include="DayouSpace\freeGoods.pb.cc" />
    <ClCompile Include="DayouSpace\gameOfBoating.pb.cc" />
    <ClCompile Include="DayouSpace\gameStudio.pb.cc" />
    <ClCompile Include="DayouSpace\gameTick.pb.cc" />
    <ClCompile Include="DayouSpace\goodsBackpack.pb.cc" />
    <ClCompile Include="DayouSpace\gpt.pb.cc" />
    <ClCompile Include="DayouSpace\head.pb.cc" />
    <ClCompile Include="DayouSpace\heartBeat.pb.cc" />
    <ClCompile Include="DayouSpace\hiphopCeremony.pb.cc" />
    <ClCompile Include="DayouSpace\hiphopWarmUp.pb.cc" />
    <ClCompile Include="DayouSpace\homepage.pb.cc" />
    <ClCompile Include="DayouSpace\horoscope.pb.cc" />
    <ClCompile Include="DayouSpace\house.pb.cc" />
    <ClCompile Include="DayouSpace\jinrongForum.pb.cc" />
    <ClCompile Include="DayouSpace\jinyan.pb.cc" />
    <ClCompile Include="DayouSpace\layPosition.pb.cc" />
    <ClCompile Include="DayouSpace\linedNum.pb.cc" />
    <ClCompile Include="DayouSpace\liuXiaTask.pb.cc" />
    <ClCompile Include="DayouSpace\matchInfo.pb.cc" />
    <ClCompile Include="DayouSpace\messagePush.pb.cc" />
    <ClCompile Include="DayouSpace\mjCard.pb.cc" />
    <ClCompile Include="DayouSpace\mjDance.pb.cc" />
    <ClCompile Include="DayouSpace\mjWarmup.pb.cc" />
    <ClCompile Include="DayouSpace\moyuan.pb.cc" />
    <ClCompile Include="DayouSpace\nft.pb.cc" />
    <ClCompile Include="DayouSpace\notice.pb.cc" />
    <ClCompile Include="DayouSpace\npcCustom.pb.cc" />
    <ClCompile Include="DayouSpace\onlineReminder.pb.cc" />
    <ClCompile Include="DayouSpace\operation.pb.cc" />
    <ClCompile Include="DayouSpace\OtherUserStatusChange.pb.cc" />
    <ClCompile Include="DayouSpace\OwnerSpace.pb.cc" />
    <ClCompile Include="DayouSpace\pairs.pb.cc" />
    <ClCompile Include="DayouSpace\phoneMsg.pb.cc" />
    <ClCompile Include="DayouSpace\position.pb.cc" />
    <ClCompile Include="DayouSpace\prepaidEnum.pb.cc" />
    <ClCompile Include="DayouSpace\props.pb.cc" />
    <ClCompile Include="DayouSpace\qianduoduo.pb.cc" />
    <ClCompile Include="DayouSpace\radiusTransformation.pb.cc" />
    <ClCompile Include="DayouSpace\randomRay.pb.cc" />
    <ClCompile Include="DayouSpace\rewardForLottery.pb.cc" />
    <ClCompile Include="DayouSpace\rewardForTask.pb.cc" />
    <ClCompile Include="DayouSpace\roomUsersPosition.pb.cc" />
    <ClCompile Include="DayouSpace\samsungStatistics.pb.cc" />
    <ClCompile Include="DayouSpace\scramble.pb.cc" />
    <ClCompile Include="DayouSpace\search.pb.cc" />
    <ClCompile Include="DayouSpace\setSpace.pb.cc" />
    <ClCompile Include="DayouSpace\shareEvent.pb.cc" />
    <ClCompile Include="DayouSpace\shareSpace.pb.cc" />
    <ClCompile Include="DayouSpace\shopping.pb.cc" />
    <ClCompile Include="DayouSpace\shoppingGiftConsume.pb.cc" />
    <ClCompile Include="DayouSpace\shoppingWallet.pb.cc" />
    <ClCompile Include="DayouSpace\sightseeingStand.pb.cc" />
    <ClCompile Include="DayouSpace\skeleton.pb.cc" />
    <ClCompile Include="DayouSpace\skillSyn.pb.cc" />
    <ClCompile Include="DayouSpace\spaceBackpack.pb.cc" />
    <ClCompile Include="DayouSpace\spaceDraft.pb.cc" />
    <ClCompile Include="DayouSpace\spaceGame.pb.cc" />
    <ClCompile Include="DayouSpace\spaceHot.pb.cc" />
    <ClCompile Include="DayouSpace\spaceLog.pb.cc" />
    <ClCompile Include="DayouSpace\spacePublished.pb.cc" />
    <ClCompile Include="DayouSpace\spaceRandom.pb.cc" />
    <ClCompile Include="DayouSpace\spaceResource.pb.cc" />
    <ClCompile Include="DayouSpace\spaceScenesBackpack.pb.cc" />
    <ClCompile Include="DayouSpace\spaceThing.pb.cc" />
    <ClCompile Include="DayouSpace\spaceWorks.pb.cc" />
    <ClCompile Include="DayouSpace\switchCommand.pb.cc" />
    <ClCompile Include="DayouSpace\switchRoom.pb.cc" />
    <ClCompile Include="DayouSpace\syncAllObj.pb.cc" />
    <ClCompile Include="DayouSpace\systemNotice.pb.cc" />
    <ClCompile Include="DayouSpace\team.pb.cc" />
    <ClCompile Include="DayouSpace\theatre.pb.cc" />
    <ClCompile Include="DayouSpace\transfiguration.pb.cc" />
    <ClCompile Include="DayouSpace\treasureBox.pb.cc" />
    <ClCompile Include="DayouSpace\troveGame.pb.cc" />
    <ClCompile Include="DayouSpace\userBindWechat.pb.cc" />
    <ClCompile Include="DayouSpace\userCertification.pb.cc" />
    <ClCompile Include="DayouSpace\userInfo.pb.cc" />
    <ClCompile Include="DayouSpace\userInfoList.pb.cc" />
    <ClCompile Include="DayouSpace\userPosition.pb.cc" />
    <ClCompile Include="DayouSpace\usersDesire.pb.cc" />
    <ClCompile Include="DayouSpace\userStatus.pb.cc" />
    <ClCompile Include="DayouSpace\userTitle.pb.cc" />
    <ClCompile Include="DayouSpace\vector.pb.cc" />
    <ClCompile Include="DayouSpace\vehicle.pb.cc" />
    <ClCompile Include="DayouSpace\violationFeedback.pb.cc" />
    <ClCompile Include="DayouSpace\xiangshan.pb.cc" />
  </ItemGroup>
  <ItemGroup>
    <ClInclude Include="NFDefine.pb.h" />
    <ClInclude Include="NFLimit.h" />
    <ClInclude Include="NFMsgBase.pb.h" />
    <ClInclude Include="NFMsgDefine.h" />
    <ClInclude Include="NFMsgPreGame.pb.h" />
    <ClInclude Include="NFMsgShare.pb.h" />
    <ClInclude Include="DayouSpace\actionInterrupt.pb.h" />
    <ClInclude Include="DayouSpace\actionStatusSyn.pb.h" />
    <ClInclude Include="DayouSpace\active.pb.h" />
    <ClInclude Include="DayouSpace\activity.pb.h" />
    <ClInclude Include="DayouSpace\activityEvent.pb.h" />
    <ClInclude Include="DayouSpace\agora.pb.h" />
    <ClInclude Include="DayouSpace\auth.pb.h" />
    <ClInclude Include="DayouSpace\avatar.pb.h" />
    <ClInclude Include="DayouSpace\award.pb.h" />
    <ClInclude Include="DayouSpace\backPack.pb.h" />
    <ClInclude Include="DayouSpace\box.pb.h" />
    <ClInclude Include="DayouSpace\buff.pb.h" />
    <ClInclude Include="DayouSpace\bulletScreen.pb.h" />
    <ClInclude Include="DayouSpace\businessCard.pb.h" />
    <ClInclude Include="DayouSpace\businessObject.pb.h" />
    <ClInclude Include="DayouSpace\buyGoods.pb.h" />
    <ClInclude Include="DayouSpace\cardVisitorList.pb.h" />
    <ClInclude Include="DayouSpace\changeAvatarColor.pb.h" />
    <ClInclude Include="DayouSpace\chat.pb.h" />
    <ClInclude Include="DayouSpace\chipConfig.pb.h" />
    <ClInclude Include="DayouSpace\chipMerge.pb.h" />
    <ClInclude Include="DayouSpace\chipReport.pb.h" />
    <ClInclude Include="DayouSpace\cloudRender.pb.h" />
    <ClInclude Include="DayouSpace\commNotice.pb.h" />
    <ClInclude Include="DayouSpace\concertCtrl.pb.h" />
    <ClInclude Include="DayouSpace\concertEnter.pb.h" />
    <ClInclude Include="DayouSpace\concertRank.pb.h" />
    <ClInclude Include="DayouSpace\config.pb.h" />
    <ClInclude Include="DayouSpace\constel.pb.h" />
    <ClInclude Include="DayouSpace\copySpace.pb.h" />
    <ClInclude Include="DayouSpace\countdown.pb.h" />
    <ClInclude Include="DayouSpace\delSpace.pb.h" />
    <ClInclude Include="DayouSpace\dimSearch.pb.h" />
    <ClInclude Include="DayouSpace\EnumCmd.pb.h" />
    <ClInclude Include="DayouSpace\errCode.pb.h" />
    <ClInclude Include="DayouSpace\errMsg.pb.h" />
    <ClInclude Include="DayouSpace\error.pb.h" />
    <ClInclude Include="DayouSpace\fansNew.pb.h" />
    <ClInclude Include="DayouSpace\fireMagic.pb.h" />
    <ClInclude Include="DayouSpace\follow.pb.h" />
    <ClInclude Include="DayouSpace\freeGoods.pb.h" />
    <ClInclude Include="DayouSpace\gameOfBoating.pb.h" />
    <ClInclude Include="DayouSpace\gameStudio.pb.h" />
    <ClInclude Include="DayouSpace\gameTick.pb.h" />
    <ClInclude Include="DayouSpace\goodsBackpack.pb.h" />
    <ClInclude Include="DayouSpace\gpt.pb.h" />
    <ClInclude Include="DayouSpace\head.pb.h" />
    <ClInclude Include="DayouSpace\heartBeat.pb.h" />
    <ClInclude Include="DayouSpace\hiphopCeremony.pb.h" />
    <ClInclude Include="DayouSpace\hiphopWarmUp.pb.h" />
    <ClInclude Include="DayouSpace\homepage.pb.h" />
    <ClInclude Include="DayouSpace\horoscope.pb.h" />
    <ClInclude Include="DayouSpace\house.pb.h" />
    <ClInclude Include="DayouSpace\jinrongForum.pb.h" />
    <ClInclude Include="DayouSpace\jinyan.pb.h" />
    <ClInclude Include="DayouSpace\layPosition.pb.h" />
    <ClInclude Include="DayouSpace\linedNum.pb.h" />
    <ClInclude Include="DayouSpace\liuXiaTask.pb.h" />
    <ClInclude Include="DayouSpace\matchInfo.pb.h" />
    <ClInclude Include="DayouSpace\messagePush.pb.h" />
    <ClInclude Include="DayouSpace\mjCard.pb.h" />
    <ClInclude Include="DayouSpace\mjDance.pb.h" />
    <ClInclude Include="DayouSpace\mjWarmup.pb.h" />
    <ClInclude Include="DayouSpace\moyuan.pb.h" />
    <ClInclude Include="DayouSpace\nft.pb.h" />
    <ClInclude Include="DayouSpace\notice.pb.h" />
    <ClInclude Include="DayouSpace\npcCustom.pb.h" />
    <ClInclude Include="DayouSpace\onlineReminder.pb.h" />
    <ClInclude Include="DayouSpace\operation.pb.h" />
    <ClInclude Include="DayouSpace\OtherUserStatusChange.pb.h" />
    <ClInclude Include="DayouSpace\OwnerSpace.pb.h" />
    <ClInclude Include="DayouSpace\pairs.pb.h" />
    <ClInclude Include="DayouSpace\phoneMsg.pb.h" />
    <ClInclude Include="DayouSpace\position.pb.h" />
    <ClInclude Include="DayouSpace\prepaidEnum.pb.h" />
    <ClInclude Include="DayouSpace\props.pb.h" />
    <ClInclude Include="DayouSpace\qianduoduo.pb.h" />
    <ClInclude Include="DayouSpace\radiusTransformation.pb.h" />
    <ClInclude Include="DayouSpace\randomRay.pb.h" />
    <ClInclude Include="DayouSpace\rewardForLottery.pb.h" />
    <ClInclude Include="DayouSpace\rewardForTask.pb.h" />
    <ClInclude Include="DayouSpace\roomUsersPosition.pb.h" />
    <ClInclude Include="DayouSpace\samsungStatistics.pb.h" />
    <ClInclude Include="DayouSpace\scramble.pb.h" />
    <ClInclude Include="DayouSpace\search.pb.h" />
    <ClInclude Include="DayouSpace\setSpace.pb.h" />
    <ClInclude Include="DayouSpace\shareEvent.pb.h" />
    <ClInclude Include="DayouSpace\shareSpace.pb.h" />
    <ClInclude Include="DayouSpace\shopping.pb.h" />
    <ClInclude Include="DayouSpace\shoppingGiftConsume.pb.h" />
    <ClInclude Include="DayouSpace\shoppingWallet.pb.h" />
    <ClInclude Include="DayouSpace\sightseeingStand.pb.h" />
    <ClInclude Include="DayouSpace\skeleton.pb.h" />
    <ClInclude Include="DayouSpace\skillSyn.pb.h" />
    <ClInclude Include="DayouSpace\spaceBackpack.pb.h" />
    <ClInclude Include="DayouSpace\spaceDraft.pb.h" />
    <ClInclude Include="DayouSpace\spaceGame.pb.h" />
    <ClInclude Include="DayouSpace\spaceHot.pb.h" />
    <ClInclude Include="DayouSpace\spaceLog.pb.h" />
    <ClInclude Include="DayouSpace\spacePublished.pb.h" />
    <ClInclude Include="DayouSpace\spaceRandom.pb.h" />
    <ClInclude Include="DayouSpace\spaceResource.pb.h" />
    <ClInclude Include="DayouSpace\spaceScenesBackpack.pb.h" />
    <ClInclude Include="DayouSpace\spaceThing.pb.h" />
    <ClInclude Include="DayouSpace\spaceWorks.pb.h" />
    <ClInclude Include="DayouSpace\switchCommand.pb.h" />
    <ClInclude Include="DayouSpace\switchRoom.pb.h" />
    <ClInclude Include="DayouSpace\syncAllObj.pb.h" />
    <ClInclude Include="DayouSpace\systemNotice.pb.h" />
    <ClInclude Include="DayouSpace\team.pb.h" />
    <ClInclude Include="DayouSpace\theatre.pb.h" />
    <ClInclude Include="DayouSpace\transfiguration.pb.h" />
    <ClInclude Include="DayouSpace\treasureBox.pb.h" />
    <ClInclude Include="DayouSpace\troveGame.pb.h" />
    <ClInclude Include="DayouSpace\userBindWechat.pb.h" />
    <ClInclude Include="DayouSpace\userCertification.pb.h" />
    <ClInclude Include="DayouSpace\userInfo.pb.h" />
    <ClInclude Include="DayouSpace\userInfoList.pb.h" />
    <ClInclude Include="DayouSpace\userPosition.pb.h" />
    <ClInclude Include="DayouSpace\usersDesire.pb.h" />
    <ClInclude Include="DayouSpace\userStatus.pb.h" />
    <ClInclude Include="DayouSpace\userTitle.pb.h" />
    <ClInclude Include="DayouSpace\vector.pb.h" />
    <ClInclude Include="DayouSpace\vehicle.pb.h" />
    <ClInclude Include="DayouSpace\violationFeedback.pb.h" />
    <ClInclude Include="DayouSpace\xiangshan.pb.h" />
    <ClInclude Include="NFProtocolDefine.hpp" />
    <ClInclude Include="DayouSpace\actionFollow.pb.h" />
    <ClInclude Include="DayouSpace\actionInterrupt.pb.h" />
    <ClInclude Include="DayouSpace\actionStatusSyn.pb.h" />
    <ClInclude Include="DayouSpace\active.pb.h" />
    <ClInclude Include="DayouSpace\activity.pb.h" />
    <ClInclude Include="DayouSpace\activityEvent.pb.h" />
    <ClInclude Include="DayouSpace\agora.pb.h" />
    <ClInclude Include="DayouSpace\auth.pb.h" />
    <ClInclude Include="DayouSpace\avatar.pb.h" />
    <ClInclude Include="DayouSpace\award.pb.h" />
    <ClInclude Include="DayouSpace\backPack.pb.h" />
    <ClInclude Include="DayouSpace\box.pb.h" />
    <ClInclude Include="DayouSpace\buff.pb.h" />
    <ClInclude Include="DayouSpace\bulletScreen.pb.h" />
    <ClInclude Include="DayouSpace\businessCard.pb.h" />
    <ClInclude Include="DayouSpace\businessObject.pb.h" />
    <ClInclude Include="DayouSpace\buyGoods.pb.h" />
    <ClInclude Include="DayouSpace\cardVisitorList.pb.h" />
    <ClInclude Include="DayouSpace\changeAvatarColor.pb.h" />
    <ClInclude Include="DayouSpace\chat.pb.h" />
    <ClInclude Include="DayouSpace\chipConfig.pb.h" />
    <ClInclude Include="DayouSpace\chipMerge.pb.h" />
    <ClInclude Include="DayouSpace\chipReport.pb.h" />
    <ClInclude Include="DayouSpace\cloudRender.pb.h" />
    <ClInclude Include="DayouSpace\commNotice.pb.h" />
    <ClInclude Include="DayouSpace\concertCtrl.pb.h" />
    <ClInclude Include="DayouSpace\concertEnter.pb.h" />
    <ClInclude Include="DayouSpace\concertRank.pb.h" />
    <ClInclude Include="DayouSpace\config.pb.h" />
    <ClInclude Include="DayouSpace\constel.pb.h" />
    <ClInclude Include="DayouSpace\copySpace.pb.h" />
    <ClInclude Include="DayouSpace\countdown.pb.h" />
    <ClInclude Include="DayouSpace\delSpace.pb.h" />
    <ClInclude Include="DayouSpace\dimSearch.pb.h" />
    <ClInclude Include="DayouSpace\EnumCmd.pb.h" />
    <ClInclude Include="DayouSpace\errCode.pb.h" />
    <ClInclude Include="DayouSpace\errMsg.pb.h" />
    <ClInclude Include="DayouSpace\error.pb.h" />
    <ClInclude Include="DayouSpace\fansNew.pb.h" />
    <ClInclude Include="DayouSpace\fireMagic.pb.h" />
    <ClInclude Include="DayouSpace\follow.pb.h" />
    <ClInclude Include="DayouSpace\freeGoods.pb.h" />
    <ClInclude Include="DayouSpace\gameOfBoating.pb.h" />
    <ClInclude Include="DayouSpace\gameStudio.pb.h" />
    <ClInclude Include="DayouSpace\gameTick.pb.h" />
    <ClInclude Include="DayouSpace\goodsBackpack.pb.h" />
    <ClInclude Include="DayouSpace\gpt.pb.h" />
    <ClInclude Include="DayouSpace\head.pb.h" />
    <ClInclude Include="DayouSpace\heartBeat.pb.h" />
    <ClInclude Include="DayouSpace\hiphopCeremony.pb.h" />
    <ClInclude Include="DayouSpace\hiphopWarmUp.pb.h" />
    <ClInclude Include="DayouSpace\homepage.pb.h" />
    <ClInclude Include="DayouSpace\horoscope.pb.h" />
    <ClInclude Include="DayouSpace\house.pb.h" />
    <ClInclude Include="DayouSpace\jinrongForum.pb.h" />
    <ClInclude Include="DayouSpace\jinyan.pb.h" />
    <ClInclude Include="DayouSpace\layPosition.pb.h" />
    <ClInclude Include="DayouSpace\linedNum.pb.h" />
    <ClInclude Include="DayouSpace\liuXiaTask.pb.h" />
    <ClInclude Include="DayouSpace\matchInfo.pb.h" />
    <ClInclude Include="DayouSpace\messagePush.pb.h" />
    <ClInclude Include="DayouSpace\mjCard.pb.h" />
    <ClInclude Include="DayouSpace\mjDance.pb.h" />
    <ClInclude Include="DayouSpace\mjWarmup.pb.h" />
    <ClInclude Include="DayouSpace\moyuan.pb.h" />
    <ClInclude Include="DayouSpace\nft.pb.h" />
    <ClInclude Include="DayouSpace\notice.pb.h" />
    <ClInclude Include="DayouSpace\npcCustom.pb.h" />
    <ClInclude Include="DayouSpace\onlineReminder.pb.h" />
    <ClInclude Include="DayouSpace\operation.pb.h" />
    <ClInclude Include="DayouSpace\OtherUserStatusChange.pb.h" />
    <ClInclude Include="DayouSpace\OwnerSpace.pb.h" />
    <ClInclude Include="DayouSpace\pairs.pb.h" />
    <ClInclude Include="DayouSpace\phoneMsg.pb.h" />
    <ClInclude Include="DayouSpace\position.pb.h" />
    <ClInclude Include="DayouSpace\prepaidEnum.pb.h" />
    <ClInclude Include="DayouSpace\props.pb.h" />
    <ClInclude Include="DayouSpace\qianduoduo.pb.h" />
    <ClInclude Include="DayouSpace\radiusTransformation.pb.h" />
    <ClInclude Include="DayouSpace\randomRay.pb.h" />
    <ClInclude Include="DayouSpace\rewardForLottery.pb.h" />
    <ClInclude Include="DayouSpace\rewardForTask.pb.h" />
    <ClInclude Include="DayouSpace\roomUsersPosition.pb.h" />
    <ClInclude Include="DayouSpace\samsungStatistics.pb.h" />
    <ClInclude Include="DayouSpace\scramble.pb.h" />
    <ClInclude Include="DayouSpace\search.pb.h" />
    <ClInclude Include="DayouSpace\setSpace.pb.h" />
    <ClInclude Include="DayouSpace\shareEvent.pb.h" />
    <ClInclude Include="DayouSpace\shareSpace.pb.h" />
    <ClInclude Include="DayouSpace\shopping.pb.h" />
    <ClInclude Include="DayouSpace\shoppingGiftConsume.pb.h" />
    <ClInclude Include="DayouSpace\shoppingWallet.pb.h" />
    <ClInclude Include="DayouSpace\sightseeingStand.pb.h" />
    <ClInclude Include="DayouSpace\skeleton.pb.h" />
    <ClInclude Include="DayouSpace\skillSyn.pb.h" />
    <ClInclude Include="DayouSpace\spaceBackpack.pb.h" />
    <ClInclude Include="DayouSpace\spaceDraft.pb.h" />
    <ClInclude Include="DayouSpace\spaceGame.pb.h" />
    <ClInclude Include="DayouSpace\spaceHot.pb.h" />
    <ClInclude Include="DayouSpace\spaceLog.pb.h" />
    <ClInclude Include="DayouSpace\spacePublished.pb.h" />
    <ClInclude Include="DayouSpace\spaceRandom.pb.h" />
    <ClInclude Include="DayouSpace\spaceResource.pb.h" />
    <ClInclude Include="DayouSpace\spaceScenesBackpack.pb.h" />
    <ClInclude Include="DayouSpace\spaceThing.pb.h" />
    <ClInclude Include="DayouSpace\spaceWorks.pb.h" />
    <ClInclude Include="DayouSpace\switchCommand.pb.h" />
    <ClInclude Include="DayouSpace\switchRoom.pb.h" />
    <ClInclude Include="DayouSpace\syncAllObj.pb.h" />
    <ClInclude Include="DayouSpace\systemNotice.pb.h" />
    <ClInclude Include="DayouSpace\team.pb.h" />
    <ClInclude Include="DayouSpace\theatre.pb.h" />
    <ClInclude Include="DayouSpace\transfiguration.pb.h" />
    <ClInclude Include="DayouSpace\treasureBox.pb.h" />
    <ClInclude Include="DayouSpace\troveGame.pb.h" />
    <ClInclude Include="DayouSpace\userBindWechat.pb.h" />
    <ClInclude Include="DayouSpace\userCertification.pb.h" />
    <ClInclude Include="DayouSpace\userInfo.pb.h" />
    <ClInclude Include="DayouSpace\userInfoList.pb.h" />
    <ClInclude Include="DayouSpace\userPosition.pb.h" />
    <ClInclude Include="DayouSpace\usersDesire.pb.h" />
    <ClInclude Include="DayouSpace\userStatus.pb.h" />
    <ClInclude Include="DayouSpace\userTitle.pb.h" />
    <ClInclude Include="DayouSpace\vector.pb.h" />
    <ClInclude Include="DayouSpace\vehicle.pb.h" />
    <ClInclude Include="DayouSpace\violationFeedback.pb.h" />
    <ClInclude Include="DayouSpace\xiangshan.pb.h" />
  </ItemGroup>
</Project>